
Microsoft Visual Studio Solution File, Format Version 12.00
# Visual Studio Version 16
VisualStudioVersion = 16.0.31112.23
MinimumVisualStudioVersion = 10.0.40219.1
Project("{FAE04EC0-301F-11D3-BF4B-00C04F79EFBC}") = "RabbitDemo", "RabbitDemo\RabbitDemo.csproj", "{0C981A7C-CA68-432B-8223-22B134760082}"
EndProject
Project("{FAE04EC0-301F-11D3-BF4B-00C04F79EFBC}") = "RabbitMQEventbus", "RabbitMQEventBus\RabbitMQEventbus.csproj", "{45705C84-BE08-4D1E-AFD3-806F9FEB876B}"
EndProject
Project("{FAE04EC0-301F-11D3-BF4B-00C04F79EFBC}") = "RabbitWebDemo", "RabbitWebDemo\RabbitWebDemo.csproj", "{B981C682-F5C3-493C-AD1F-C6DDBB0B54B4}"
EndProject
Global
	GlobalSection(SolutionConfigurationPlatforms) = preSolution
		Debug|Any CPU = Debug|Any CPU
		Release|Any CPU = Release|Any CPU
	EndGlobalSection
	GlobalSection(ProjectConfigurationPlatforms) = postSolution
		{0C981A7C-CA68-432B-8223-22B134760082}.Debug|Any CPU.ActiveCfg = Debug|Any CPU
		{0C981A7C-CA68-432B-8223-22B134760082}.Debug|Any CPU.Build.0 = Debug|Any CPU
		{0C981A7C-CA68-432B-8223-22B134760082}.Release|Any CPU.ActiveCfg = Release|Any CPU
		{0C981A7C-CA68-432B-8223-22B134760082}.Release|Any CPU.Build.0 = Release|Any CPU
		{45705C84-BE08-4D1E-AFD3-806F9FEB876B}.Debug|Any CPU.ActiveCfg = Debug|Any CPU
		{45705C84-BE08-4D1E-AFD3-806F9FEB876B}.Debug|Any CPU.Build.0 = Debug|Any CPU
		{45705C84-BE08-4D1E-AFD3-806F9FEB876B}.Release|Any CPU.ActiveCfg = Release|Any CPU
		{45705C84-BE08-4D1E-AFD3-806F9FEB876B}.Release|Any CPU.Build.0 = Release|Any CPU
		{B981C682-F5C3-493C-AD1F-C6DDBB0B54B4}.Debug|Any CPU.ActiveCfg = Debug|Any CPU
		{B981C682-F5C3-493C-AD1F-C6DDBB0B54B4}.Debug|Any CPU.Build.0 = Debug|Any CPU
		{B981C682-F5C3-493C-AD1F-C6DDBB0B54B4}.Release|Any CPU.ActiveCfg = Release|Any CPU
		{B981C682-F5C3-493C-AD1F-C6DDBB0B54B4}.Release|Any CPU.Build.0 = Release|Any CPU
	EndGlobalSection
	GlobalSection(SolutionProperties) = preSolution
		HideSolutionNode = FALSE
	EndGlobalSection
	GlobalSection(ExtensibilityGlobals) = postSolution
		SolutionGuid = {B0E9C269-A437-42BB-BA08-D576FFF8D100}
	EndGlobalSection
EndGlobal
